<?xml version="1.0" encoding="utf-8"?>
<Project ToolsVersion="4.0" xmlns="http://schemas.microsoft.com/developer/msbuild/2003">
  <ItemGroup>
    <Filter Include="Source Files">
      <UniqueIdentifier>{4FC737F1-C7A5-4376-A066-2A32D752A2FF}</UniqueIdentifier>
      <Extensions>cpp;c;cc;cxx;c++;cppm;ixx;def;odl;idl;hpj;bat;asm;asmx</Extensions>
    </Filter>
    <Filter Include="Resource Files">
      <UniqueIdentifier>{67DA6AB6-F800-4c08-8B7A-83BB121AAD01}</UniqueIdentifier>
      <Extensions>rc;ico;cur;bmp;dlg;rc2;rct;bin;rgs;gif;jpg;jpeg;jpe;resx;tiff;tif;png;wav;mfcribbon-ms</Extensions>
    </Filter>
    <Filter Include="GameComponent">
      <UniqueIdentifier>{93995380-89BD-4b04-88EB-625FBE52EBFB}</UniqueIdentifier>
      <Extensions>h;hh;hpp;hxx;h++;hm;inl;inc;ipp;xsd</Extensions>
    </Filter>
    <Filter Include="GameComponent\Scene">
      <UniqueIdentifier>{dafdf1c9-0aca-4cc4-ad3d-a82b712ce507}</UniqueIdentifier>
    </Filter>
    <Filter Include="GameComponent\Scene\WorlScene">
      <UniqueIdentifier>{073e9ea1-1cb3-45c2-b38d-46047e7c3c91}</UniqueIdentifier>
    </Filter>
    <Filter Include="GameComponent\Scene\IntroScene">
      <UniqueIdentifier>{2d97066f-d7e1-45f0-82b9-2e4dfa47ef14}</UniqueIdentifier>
    </Filter>
    <Filter Include="GameComponent\Texture">
      <UniqueIdentifier>{8ad0aee8-ee6c-477e-93e5-d024801591dc}</UniqueIdentifier>
    </Filter>
    <Filter Include="GameComponent\Texture\Textures">
      <UniqueIdentifier>{9c015bcc-8427-40d1-b37e-5718d7ef59aa}</UniqueIdentifier>
    </Filter>
    <Filter Include="GameComponent\Scene\SceneManager">
      <UniqueIdentifier>{1845092d-b263-483b-b428-8e2ab960c1a7}</UniqueIdentifier>
    </Filter>
    <Filter Include="GameComponent\Scene\PlayScene">
      <UniqueIdentifier>{4529e0ce-01ee-4c16-9d52-e49b3714b356}</UniqueIdentifier>
    </Filter>
    <Filter Include="GameComponent\GameObject">
      <UniqueIdentifier>{82900813-eacb-4c43-af44-572c352ea063}</UniqueIdentifier>
    </Filter>
    <Filter Include="GameComponent\GameObject\Mario">
      <UniqueIdentifier>{2a696352-359e-4900-9f01-0e7e097260c9}</UniqueIdentifier>
    </Filter>
    <Filter Include="GameComponent\GameObject\Item">
      <UniqueIdentifier>{b0cb08fa-7224-416d-bccb-7d5f220d06e3}</UniqueIdentifier>
    </Filter>
    <Filter Include="GameComponent\GameObject\Item\Mushroom">
      <UniqueIdentifier>{b89374d5-26ea-4a6e-9078-5e513e2e00d2}</UniqueIdentifier>
    </Filter>
    <Filter Include="GameComponent\GameObject\Item\Flower">
      <UniqueIdentifier>{0ae132b9-d16a-48a7-85c3-75a59cd2dac5}</UniqueIdentifier>
    </Filter>
    <Filter Include="GameComponent\GameObject\Item\Leaf">
      <UniqueIdentifier>{3d304acf-06cf-488c-87bb-50ef34551f64}</UniqueIdentifier>
    </Filter>
    <Filter Include="GameComponent\GameObject\Enemy">
      <UniqueIdentifier>{4bc471df-7981-4602-a83e-3c895fd83a86}</UniqueIdentifier>
    </Filter>
    <Filter Include="GameComponent\GameObject\Object">
      <UniqueIdentifier>{4eef904b-ef83-43b4-998f-2191eab2c9d0}</UniqueIdentifier>
    </Filter>
    <Filter Include="GameComponent\GameObject\Enemy\NewFilter1">
      <UniqueIdentifier>{3797dca0-75e9-4531-9131-04a9cd86de5c}</UniqueIdentifier>
    </Filter>
    <Filter Include="GameComponent\Debug">
      <UniqueIdentifier>{31f40cb2-680e-4595-98a3-c07a430a3755}</UniqueIdentifier>
    </Filter>
    <Filter Include="GameComponent\Game">
      <UniqueIdentifier>{634233a7-9f90-49bb-ab33-5567a4a76e75}</UniqueIdentifier>
    </Filter>
    <Filter Include="GameComponent\Grid">
      <UniqueIdentifier>{580ea73a-b651-4470-bea1-70d9bd00e4ec}</UniqueIdentifier>
    </Filter>
    <Filter Include="GameComponent\Map">
      <UniqueIdentifier>{d3ba9a27-b658-4331-9b9e-e5169f208c55}</UniqueIdentifier>
    </Filter>
    <Filter Include="GameComponent\Camera">
      <UniqueIdentifier>{83b98b6c-f6a3-48f6-853b-205779759cd7}</UniqueIdentifier>
    </Filter>
    <Filter Include="GameComponent\define">
      <UniqueIdentifier>{528c76b0-97b3-4d2b-b899-e2943679ae49}</UniqueIdentifier>
    </Filter>
    <Filter Include="GameComponent\Texture\Sprites">
      <UniqueIdentifier>{6df4395c-971e-4b74-8a7f-c4442a030c6c}</UniqueIdentifier>
    </Filter>
    <Filter Include="GameComponent\Texture\Sprites\Sprite">
      <UniqueIdentifier>{c7fc762a-6721-400c-ade3-0d48436aecb5}</UniqueIdentifier>
    </Filter>
  </ItemGroup>
  <ItemGroup>
    <ClInclude Include="Debug.h">
      <Filter>GameComponent\Debug</Filter>
    </ClInclude>
    <ClInclude Include="Game.h">
      <Filter>GameComponent\Game</Filter>
    </ClInclude>
    <ClInclude Include="Scene.h">
      <Filter>GameComponent\Scene</Filter>
    </ClInclude>
    <ClInclude Include="PlayScene.h">
      <Filter>GameComponent\Scene\PlayScene</Filter>
    </ClInclude>
    <ClInclude Include="Grid.h">
      <Filter>GameComponent\Grid</Filter>
    </ClInclude>
    <ClInclude Include="GameObject.h">
      <Filter>GameComponent\GameObject</Filter>
    </ClInclude>
    <ClInclude Include="Camera.h">
      <Filter>GameComponent\Camera</Filter>
    </ClInclude>
    <ClInclude Include="define.h">
      <Filter>GameComponent\define</Filter>
    </ClInclude>
    <ClInclude Include="Textures.h">
      <Filter>GameComponent\Texture\Textures</Filter>
    </ClInclude>
    <ClInclude Include="Sprite.h">
      <Filter>GameComponent\Texture\Sprites\Sprite</Filter>
    </ClInclude>
    <ClInclude Include="Sprites.h">
      <Filter>GameComponent\Texture\Sprites</Filter>
    </ClInclude>
  </ItemGroup>
  <ItemGroup>
    <ClCompile Include="Debug.cpp">
      <Filter>GameComponent\Debug</Filter>
    </ClCompile>
    <ClCompile Include="main.cpp">
      <Filter>Source Files</Filter>
    </ClCompile>
    <ClCompile Include="Game.cpp">
      <Filter>GameComponent\Game</Filter>
    </ClCompile>
    <ClCompile Include="Scene.cpp">
      <Filter>GameComponent\Scene</Filter>
    </ClCompile>
    <ClCompile Include="PlayScene.cpp">
      <Filter>GameComponent\Scene\PlayScene</Filter>
    </ClCompile>
    <ClCompile Include="Grid.cpp">
      <Filter>GameComponent\Grid</Filter>
    </ClCompile>
    <ClCompile Include="GameObject.cpp">
      <Filter>GameComponent\GameObject</Filter>
    </ClCompile>
    <ClCompile Include="Camera.cpp">
      <Filter>GameComponent\Camera</Filter>
    </ClCompile>
    <ClCompile Include="define.cpp">
      <Filter>GameComponent\define</Filter>
    </ClCompile>
    <ClCompile Include="Textures.cpp">
      <Filter>GameComponent\Texture\Textures</Filter>
    </ClCompile>
    <ClCompile Include="Sprite.cpp">
      <Filter>GameComponent\Texture\Sprites\Sprite</Filter>
    </ClCompile>
    <ClCompile Include="Sprites.cpp">
      <Filter>GameComponent\Texture\Sprites</Filter>
    </ClCompile>
  </ItemGroup>
</Project>