<?xml version="1.0" encoding="utf-8"?>
<Project ToolsVersion="4.0" xmlns="http://schemas.microsoft.com/developer/msbuild/2003">
  <ItemGroup>
    <Filter Include="Source Files">
      <UniqueIdentifier>{4FC737F1-C7A5-4376-A066-2A32D752A2FF}</UniqueIdentifier>
      <Extensions>cpp;c;cc;cxx;c++;cppm;ixx;def;odl;idl;hpj;bat;asm;asmx</Extensions>
    </Filter>
    <Filter Include="Resource Files">
      <UniqueIdentifier>{67DA6AB6-F800-4c08-8B7A-83BB121AAD01}</UniqueIdentifier>
      <Extensions>rc;ico;cur;bmp;dlg;rc2;rct;bin;rgs;gif;jpg;jpeg;jpe;resx;tiff;tif;png;wav;mfcribbon-ms</Extensions>
    </Filter>
    <Filter Include="FrameWork">
      <UniqueIdentifier>{93995380-89BD-4b04-88EB-625FBE52EBFB}</UniqueIdentifier>
      <Extensions>h;hh;hpp;hxx;h++;hm;inl;inc;ipp;xsd</Extensions>
    </Filter>
    <Filter Include="FrameWork\Utils">
      <UniqueIdentifier>{2beb3bcd-f923-4a32-9771-a401bab7f212}</UniqueIdentifier>
    </Filter>
    <Filter Include="FrameWork\TextureManager">
      <UniqueIdentifier>{13bfa535-18c2-42d2-9b1b-c998fbccf93d}</UniqueIdentifier>
    </Filter>
    <Filter Include="FrameWork\TinyXML">
      <UniqueIdentifier>{1a765e74-8bbb-490f-b8a9-b6542453d830}</UniqueIdentifier>
    </Filter>
    <Filter Include="FrameWork\TextureManager\Textures">
      <UniqueIdentifier>{291a10b5-9442-4e81-9bbb-15453f94950c}</UniqueIdentifier>
    </Filter>
    <Filter Include="FrameWork\KeyEventHandler">
      <UniqueIdentifier>{43f8c65a-dfea-4f49-b610-9d828cbf37b5}</UniqueIdentifier>
    </Filter>
    <Filter Include="FrameWork\KeyEventHandler\KeyBoardProcessing">
      <UniqueIdentifier>{bc89ffd4-ad02-4124-b906-aa2c7a30e63b}</UniqueIdentifier>
    </Filter>
    <Filter Include="Source Files\Define">
      <UniqueIdentifier>{b0b5b93a-d717-4333-949d-c5ec8d199959}</UniqueIdentifier>
    </Filter>
    <Filter Include="FrameWork\TextureManager\Sprites">
      <UniqueIdentifier>{95749b8a-9b6e-4156-9bfc-6d2c4df5a503}</UniqueIdentifier>
    </Filter>
    <Filter Include="FrameWork\TextureManager\Sprites\Sprite">
      <UniqueIdentifier>{63544388-7f76-4d88-b4fa-37571f3a5471}</UniqueIdentifier>
    </Filter>
    <Filter Include="FrameWork\TextureManager\AnimationFrame">
      <UniqueIdentifier>{ada22b60-2b33-42b8-9c5a-e0ba357cbd2d}</UniqueIdentifier>
    </Filter>
    <Filter Include="FrameWork\TextureManager\Animation">
      <UniqueIdentifier>{d3ab8036-603c-4a7a-a829-225c57ba46b6}</UniqueIdentifier>
    </Filter>
    <Filter Include="FrameWork\TextureManager\Animations">
      <UniqueIdentifier>{60028141-e56d-4b2d-becb-fba2cc211c9a}</UniqueIdentifier>
    </Filter>
    <Filter Include="FrameWork\KeyEventHandler\GameKeyEventHandler">
      <UniqueIdentifier>{a59d1e29-2616-4aa7-8e7d-6d37e32006f5}</UniqueIdentifier>
    </Filter>
    <Filter Include="FrameWork\Map">
      <UniqueIdentifier>{42be604c-f19d-40d1-a884-3e66e6aef106}</UniqueIdentifier>
    </Filter>
    <Filter Include="FrameWork\CoreFramework">
      <UniqueIdentifier>{7484368b-1eb6-493e-b647-c28a9117e383}</UniqueIdentifier>
    </Filter>
    <Filter Include="FrameWork\CoreFramework\Transformation">
      <UniqueIdentifier>{3d201f2e-de2a-40ae-b1c3-38374e5777ab}</UniqueIdentifier>
    </Filter>
    <Filter Include="FrameWork\CoreFramework\Time">
      <UniqueIdentifier>{88acf934-1bb8-4601-a0f4-c7c7fd37ae23}</UniqueIdentifier>
    </Filter>
    <Filter Include="FrameWork\CoreFramework\MonoBehaviour">
      <UniqueIdentifier>{5920fb99-08f0-4daa-8094-d274c7382d95}</UniqueIdentifier>
    </Filter>
    <Filter Include="FrameWork\CoreFramework\FloatRect">
      <UniqueIdentifier>{2d0266d6-494a-4b4b-a182-ecf58c55b61c}</UniqueIdentifier>
    </Filter>
    <Filter Include="FrameWork\GameComponent">
      <UniqueIdentifier>{6b634112-63ee-4d25-a385-eee36767802a}</UniqueIdentifier>
    </Filter>
    <Filter Include="FrameWork\GameComponent\Scene">
      <UniqueIdentifier>{8c19313e-28e5-48c3-854f-e43c8a27cb78}</UniqueIdentifier>
    </Filter>
    <Filter Include="FrameWork\GameComponent\GameObject">
      <UniqueIdentifier>{b36dda36-4669-4ad6-899d-1dfbe3ccae74}</UniqueIdentifier>
    </Filter>
    <Filter Include="FrameWork\GameComponent\Game">
      <UniqueIdentifier>{36d633c3-6685-4f1d-ba0b-7145de028a02}</UniqueIdentifier>
    </Filter>
    <Filter Include="FrameWork\GameComponent\Camera">
      <UniqueIdentifier>{2c8654be-9bf8-4361-bf53-7c431de6bdf9}</UniqueIdentifier>
    </Filter>
  </ItemGroup>
  <ItemGroup>
    <ClInclude Include="Utils.h">
      <Filter>FrameWork\Utils</Filter>
    </ClInclude>
    <ClInclude Include="Game.h">
      <Filter>FrameWork\GameComponent\Game</Filter>
    </ClInclude>
    <ClInclude Include="..\..\..\..\gamereference\DirectX-SuperMarioBros3\SuperMarioBros3\SuperMarioBros3\tinystr.h">
      <Filter>FrameWork\TinyXML</Filter>
    </ClInclude>
    <ClInclude Include="..\..\..\..\gamereference\DirectX-SuperMarioBros3\SuperMarioBros3\SuperMarioBros3\tinyxml.h">
      <Filter>FrameWork\TinyXML</Filter>
    </ClInclude>
    <ClInclude Include="Textures.h">
      <Filter>FrameWork\TextureManager\Textures</Filter>
    </ClInclude>
    <ClInclude Include="GameObject.h">
      <Filter>FrameWork\GameComponent\GameObject</Filter>
    </ClInclude>
    <ClInclude Include="Sprite.h">
      <Filter>FrameWork\TextureManager\Sprites\Sprite</Filter>
    </ClInclude>
    <ClInclude Include="KeyEventHandler.h">
      <Filter>FrameWork\KeyEventHandler</Filter>
    </ClInclude>
    <ClInclude Include="KeyboardProcessing.h">
      <Filter>FrameWork\KeyEventHandler\KeyBoardProcessing</Filter>
    </ClInclude>
    <ClInclude Include="Define.h">
      <Filter>Source Files\Define</Filter>
    </ClInclude>
    <ClInclude Include="Sprites.h">
      <Filter>FrameWork\TextureManager\Sprites</Filter>
    </ClInclude>
    <ClInclude Include="AnimationFrame.h">
      <Filter>FrameWork\TextureManager\AnimationFrame</Filter>
    </ClInclude>
    <ClInclude Include="Animation.h">
      <Filter>FrameWork\TextureManager\Animation</Filter>
    </ClInclude>
    <ClInclude Include="Animations.h">
      <Filter>FrameWork\TextureManager\Animations</Filter>
    </ClInclude>
    <ClInclude Include="GameKeyEventHandler.h">
      <Filter>FrameWork\KeyEventHandler\GameKeyEventHandler</Filter>
    </ClInclude>
    <ClInclude Include="Scene.h">
      <Filter>FrameWork\GameComponent\Scene</Filter>
    </ClInclude>
    <ClInclude Include="Camera.h">
      <Filter>FrameWork\GameComponent\Camera</Filter>
    </ClInclude>
    <ClInclude Include="FloatRect.h">
      <Filter>FrameWork\CoreFramework\FloatRect</Filter>
    </ClInclude>
    <ClInclude Include="resource.h">
      <Filter>FrameWork</Filter>
    </ClInclude>
    <ClInclude Include="Transformation.h">
      <Filter>FrameWork\CoreFramework\Transformation</Filter>
    </ClInclude>
    <ClInclude Include="MonoBehaviour.h">
      <Filter>FrameWork\CoreFramework\MonoBehaviour</Filter>
    </ClInclude>
    <ClInclude Include="Time.h">
      <Filter>FrameWork\CoreFramework\Time</Filter>
    </ClInclude>
  </ItemGroup>
  <ItemGroup>
    <ClCompile Include="Utils.cpp">
      <Filter>FrameWork\Utils</Filter>
    </ClCompile>
    <ClCompile Include="Source.cpp">
      <Filter>Source Files</Filter>
    </ClCompile>
    <ClCompile Include="Game.cpp">
      <Filter>FrameWork\GameComponent\Game</Filter>
    </ClCompile>
    <ClCompile Include="..\..\..\..\gamereference\DirectX-SuperMarioBros3\SuperMarioBros3\SuperMarioBros3\tinystr.cpp">
      <Filter>FrameWork\TinyXML</Filter>
    </ClCompile>
    <ClCompile Include="..\..\..\..\gamereference\DirectX-SuperMarioBros3\SuperMarioBros3\SuperMarioBros3\tinyxml.cpp">
      <Filter>FrameWork\TinyXML</Filter>
    </ClCompile>
    <ClCompile Include="..\..\..\..\gamereference\DirectX-SuperMarioBros3\SuperMarioBros3\SuperMarioBros3\tinyxmlerror.cpp">
      <Filter>FrameWork\TinyXML</Filter>
    </ClCompile>
    <ClCompile Include="..\..\..\..\gamereference\DirectX-SuperMarioBros3\SuperMarioBros3\SuperMarioBros3\tinyxmlparser.cpp">
      <Filter>FrameWork\TinyXML</Filter>
    </ClCompile>
    <ClCompile Include="Textures.cpp">
      <Filter>FrameWork\TextureManager\Textures</Filter>
    </ClCompile>
    <ClCompile Include="GameObject.cpp">
      <Filter>FrameWork\GameComponent\GameObject</Filter>
    </ClCompile>
    <ClCompile Include="Sprite.cpp">
      <Filter>FrameWork\TextureManager\Sprites\Sprite</Filter>
    </ClCompile>
    <ClCompile Include="KeyEventHandler.cpp">
      <Filter>FrameWork\KeyEventHandler</Filter>
    </ClCompile>
    <ClCompile Include="KeyboardProcessing.cpp">
      <Filter>FrameWork\KeyEventHandler\KeyBoardProcessing</Filter>
    </ClCompile>
    <ClCompile Include="Define.cpp">
      <Filter>Source Files\Define</Filter>
    </ClCompile>
    <ClCompile Include="Sprites.cpp">
      <Filter>FrameWork\TextureManager\Sprites</Filter>
    </ClCompile>
    <ClCompile Include="AnimationFrame.cpp">
      <Filter>FrameWork\TextureManager\AnimationFrame</Filter>
    </ClCompile>
    <ClCompile Include="Animation.cpp">
      <Filter>FrameWork\TextureManager\Animation</Filter>
    </ClCompile>
    <ClCompile Include="Animations.cpp">
      <Filter>FrameWork\TextureManager\Animations</Filter>
    </ClCompile>
    <ClCompile Include="GameKeyEventHandler.cpp">
      <Filter>FrameWork\KeyEventHandler\GameKeyEventHandler</Filter>
    </ClCompile>
    <ClCompile Include="Scene.cpp">
      <Filter>FrameWork\GameComponent\Scene</Filter>
    </ClCompile>
    <ClCompile Include="Camera.cpp">
      <Filter>FrameWork\GameComponent\Camera</Filter>
    </ClCompile>
    <ClCompile Include="FloatRect.cpp">
      <Filter>FrameWork\CoreFramework\FloatRect</Filter>
    </ClCompile>
    <ClCompile Include="Transformation.cpp">
      <Filter>FrameWork\CoreFramework\Transformation</Filter>
    </ClCompile>
    <ClCompile Include="MonoBehaviour.cpp">
      <Filter>FrameWork\CoreFramework\MonoBehaviour</Filter>
    </ClCompile>
    <ClCompile Include="Time.cpp">
      <Filter>FrameWork\CoreFramework\Time</Filter>
    </ClCompile>
  </ItemGroup>
</Project>